
Microsoft Visual Studio Solution File, Format Version 12.00
# Visual Studio 15
VisualStudioVersion = 15.0.26124.0
MinimumVisualStudioVersion = 15.0.26124.0
Project("{FAE04EC0-301F-11D3-BF4B-00C04F79EFBC}") = "API", "API\API.csproj", "{8910F732-5504-48D2-86D3-1719857241B1}"
EndProject
Project("{FAE04EC0-301F-11D3-BF4B-00C04F79EFBC}") = "Application", "Application\Application.csproj", "{AA2B3BF1-86E9-4237-8B19-0999CCFFCBB4}"
EndProject
Project("{FAE04EC0-301F-11D3-BF4B-00C04F79EFBC}") = "Domain", "Domain\Domain.csproj", "{D78BA25F-277E-4E96-BA16-781C4633C02D}"
EndProject
Project("{FAE04EC0-301F-11D3-BF4B-00C04F79EFBC}") = "Persistence", "Persistence\Persistence.csproj", "{BEC002C7-C0E1-47FB-98C8-1ADAC6A22EFF}"
EndProject
Project("{FAE04EC0-301F-11D3-BF4B-00C04F79EFBC}") = "Infrastructure", "Infrastructure\Infrastructure.csproj", "{4A500AEB-74E6-4B1E-B1C9-6FBB1FE6F422}"
EndProject
Global
	GlobalSection(SolutionConfigurationPlatforms) = preSolution
		Debug|Any CPU = Debug|Any CPU
		Debug|x64 = Debug|x64
		Debug|x86 = Debug|x86
		Release|Any CPU = Release|Any CPU
		Release|x64 = Release|x64
		Release|x86 = Release|x86
	EndGlobalSection
	GlobalSection(SolutionProperties) = preSolution
		HideSolutionNode = FALSE
	EndGlobalSection
	GlobalSection(ProjectConfigurationPlatforms) = postSolution
		{8910F732-5504-48D2-86D3-1719857241B1}.Debug|Any CPU.ActiveCfg = Debug|Any CPU
		{8910F732-5504-48D2-86D3-1719857241B1}.Debug|Any CPU.Build.0 = Debug|Any CPU
		{8910F732-5504-48D2-86D3-1719857241B1}.Debug|x64.ActiveCfg = Debug|Any CPU
		{8910F732-5504-48D2-86D3-1719857241B1}.Debug|x64.Build.0 = Debug|Any CPU
		{8910F732-5504-48D2-86D3-1719857241B1}.Debug|x86.ActiveCfg = Debug|Any CPU
		{8910F732-5504-48D2-86D3-1719857241B1}.Debug|x86.Build.0 = Debug|Any CPU
		{8910F732-5504-48D2-86D3-1719857241B1}.Release|Any CPU.ActiveCfg = Release|Any CPU
		{8910F732-5504-48D2-86D3-1719857241B1}.Release|Any CPU.Build.0 = Release|Any CPU
		{8910F732-5504-48D2-86D3-1719857241B1}.Release|x64.ActiveCfg = Release|Any CPU
		{8910F732-5504-48D2-86D3-1719857241B1}.Release|x64.Build.0 = Release|Any CPU
		{8910F732-5504-48D2-86D3-1719857241B1}.Release|x86.ActiveCfg = Release|Any CPU
		{8910F732-5504-48D2-86D3-1719857241B1}.Release|x86.Build.0 = Release|Any CPU
		{AA2B3BF1-86E9-4237-8B19-0999CCFFCBB4}.Debug|Any CPU.ActiveCfg = Debug|Any CPU
		{AA2B3BF1-86E9-4237-8B19-0999CCFFCBB4}.Debug|Any CPU.Build.0 = Debug|Any CPU
		{AA2B3BF1-86E9-4237-8B19-0999CCFFCBB4}.Debug|x64.ActiveCfg = Debug|Any CPU
		{AA2B3BF1-86E9-4237-8B19-0999CCFFCBB4}.Debug|x64.Build.0 = Debug|Any CPU
		{AA2B3BF1-86E9-4237-8B19-0999CCFFCBB4}.Debug|x86.ActiveCfg = Debug|Any CPU
		{AA2B3BF1-86E9-4237-8B19-0999CCFFCBB4}.Debug|x86.Build.0 = Debug|Any CPU
		{AA2B3BF1-86E9-4237-8B19-0999CCFFCBB4}.Release|Any CPU.ActiveCfg = Release|Any CPU
		{AA2B3BF1-86E9-4237-8B19-0999CCFFCBB4}.Release|Any CPU.Build.0 = Release|Any CPU
		{AA2B3BF1-86E9-4237-8B19-0999CCFFCBB4}.Release|x64.ActiveCfg = Release|Any CPU
		{AA2B3BF1-86E9-4237-8B19-0999CCFFCBB4}.Release|x64.Build.0 = Release|Any CPU
		{AA2B3BF1-86E9-4237-8B19-0999CCFFCBB4}.Release|x86.ActiveCfg = Release|Any CPU
		{AA2B3BF1-86E9-4237-8B19-0999CCFFCBB4}.Release|x86.Build.0 = Release|Any CPU
		{D78BA25F-277E-4E96-BA16-781C4633C02D}.Debug|Any CPU.ActiveCfg = Debug|Any CPU
		{D78BA25F-277E-4E96-BA16-781C4633C02D}.Debug|Any CPU.Build.0 = Debug|Any CPU
		{D78BA25F-277E-4E96-BA16-781C4633C02D}.Debug|x64.ActiveCfg = Debug|Any CPU
		{D78BA25F-277E-4E96-BA16-781C4633C02D}.Debug|x64.Build.0 = Debug|Any CPU
		{D78BA25F-277E-4E96-BA16-781C4633C02D}.Debug|x86.ActiveCfg = Debug|Any CPU
		{D78BA25F-277E-4E96-BA16-781C4633C02D}.Debug|x86.Build.0 = Debug|Any CPU
		{D78BA25F-277E-4E96-BA16-781C4633C02D}.Release|Any CPU.ActiveCfg = Release|Any CPU
		{D78BA25F-277E-4E96-BA16-781C4633C02D}.Release|Any CPU.Build.0 = Release|Any CPU
		{D78BA25F-277E-4E96-BA16-781C4633C02D}.Release|x64.ActiveCfg = Release|Any CPU
		{D78BA25F-277E-4E96-BA16-781C4633C02D}.Release|x64.Build.0 = Release|Any CPU
		{D78BA25F-277E-4E96-BA16-781C4633C02D}.Release|x86.ActiveCfg = Release|Any CPU
		{D78BA25F-277E-4E96-BA16-781C4633C02D}.Release|x86.Build.0 = Release|Any CPU
		{BEC002C7-C0E1-47FB-98C8-1ADAC6A22EFF}.Debug|Any CPU.ActiveCfg = Debug|Any CPU
		{BEC002C7-C0E1-47FB-98C8-1ADAC6A22EFF}.Debug|Any CPU.Build.0 = Debug|Any CPU
		{BEC002C7-C0E1-47FB-98C8-1ADAC6A22EFF}.Debug|x64.ActiveCfg = Debug|Any CPU
		{BEC002C7-C0E1-47FB-98C8-1ADAC6A22EFF}.Debug|x64.Build.0 = Debug|Any CPU
		{BEC002C7-C0E1-47FB-98C8-1ADAC6A22EFF}.Debug|x86.ActiveCfg = Debug|Any CPU
		{BEC002C7-C0E1-47FB-98C8-1ADAC6A22EFF}.Debug|x86.Build.0 = Debug|Any CPU
		{BEC002C7-C0E1-47FB-98C8-1ADAC6A22EFF}.Release|Any CPU.ActiveCfg = Release|Any CPU
		{BEC002C7-C0E1-47FB-98C8-1ADAC6A22EFF}.Release|Any CPU.Build.0 = Release|Any CPU
		{BEC002C7-C0E1-47FB-98C8-1ADAC6A22EFF}.Release|x64.ActiveCfg = Release|Any CPU
		{BEC002C7-C0E1-47FB-98C8-1ADAC6A22EFF}.Release|x64.Build.0 = Release|Any CPU
		{BEC002C7-C0E1-47FB-98C8-1ADAC6A22EFF}.Release|x86.ActiveCfg = Release|Any CPU
		{BEC002C7-C0E1-47FB-98C8-1ADAC6A22EFF}.Release|x86.Build.0 = Release|Any CPU
		{4A500AEB-74E6-4B1E-B1C9-6FBB1FE6F422}.Debug|Any CPU.ActiveCfg = Debug|Any CPU
		{4A500AEB-74E6-4B1E-B1C9-6FBB1FE6F422}.Debug|Any CPU.Build.0 = Debug|Any CPU
		{4A500AEB-74E6-4B1E-B1C9-6FBB1FE6F422}.Debug|x64.ActiveCfg = Debug|Any CPU
		{4A500AEB-74E6-4B1E-B1C9-6FBB1FE6F422}.Debug|x64.Build.0 = Debug|Any CPU
		{4A500AEB-74E6-4B1E-B1C9-6FBB1FE6F422}.Debug|x86.ActiveCfg = Debug|Any CPU
		{4A500AEB-74E6-4B1E-B1C9-6FBB1FE6F422}.Debug|x86.Build.0 = Debug|Any CPU
		{4A500AEB-74E6-4B1E-B1C9-6FBB1FE6F422}.Release|Any CPU.ActiveCfg = Release|Any CPU
		{4A500AEB-74E6-4B1E-B1C9-6FBB1FE6F422}.Release|Any CPU.Build.0 = Release|Any CPU
		{4A500AEB-74E6-4B1E-B1C9-6FBB1FE6F422}.Release|x64.ActiveCfg = Release|Any CPU
		{4A500AEB-74E6-4B1E-B1C9-6FBB1FE6F422}.Release|x64.Build.0 = Release|Any CPU
		{4A500AEB-74E6-4B1E-B1C9-6FBB1FE6F422}.Release|x86.ActiveCfg = Release|Any CPU
		{4A500AEB-74E6-4B1E-B1C9-6FBB1FE6F422}.Release|x86.Build.0 = Release|Any CPU
	EndGlobalSection
EndGlobal
